
Microsoft Visual Studio Solution File, Format Version 12.00
# Visual Studio Version 17
VisualStudioVersion = 17.8.34525.116
MinimumVisualStudioVersion = 10.0.40219.1
Project("{9A19103F-16F7-4668-BE54-9A1E7A4F7556}") = "KPMarsh", "KPMarsh\KPMarsh\KPMarsh.csproj", "{B8210998-9C28-4AF3-B9FB-A99AF36C9A8C}"
EndProject
Project("{9A19103F-16F7-4668-BE54-9A1E7A4F7556}") = "KPMarsh.Client", "KPMarsh\KPMarsh.Client\KPMarsh.Client.csproj", "{07364F1A-C3AF-4A28-B6C1-257B480B4758}"
EndProject
Project("{9A19103F-16F7-4668-BE54-9A1E7A4F7556}") = "Shared", "Shared\Shared.csproj", "{6A564786-A375-4E9C-A6DD-5827059911B6}"
EndProject
Global
	GlobalSection(SolutionConfigurationPlatforms) = preSolution
		Debug|Any CPU = Debug|Any CPU
		Release|Any CPU = Release|Any CPU
	EndGlobalSection
	GlobalSection(ProjectConfigurationPlatforms) = postSolution
		{B8210998-9C28-4AF3-B9FB-A99AF36C9A8C}.Debug|Any CPU.ActiveCfg = Debug|Any CPU
		{B8210998-9C28-4AF3-B9FB-A99AF36C9A8C}.Debug|Any CPU.Build.0 = Debug|Any CPU
		{B8210998-9C28-4AF3-B9FB-A99AF36C9A8C}.Release|Any CPU.ActiveCfg = Release|Any CPU
		{B8210998-9C28-4AF3-B9FB-A99AF36C9A8C}.Release|Any CPU.Build.0 = Release|Any CPU
		{07364F1A-C3AF-4A28-B6C1-257B480B4758}.Debug|Any CPU.ActiveCfg = Debug|Any CPU
		{07364F1A-C3AF-4A28-B6C1-257B480B4758}.Debug|Any CPU.Build.0 = Debug|Any CPU
		{07364F1A-C3AF-4A28-B6C1-257B480B4758}.Release|Any CPU.ActiveCfg = Release|Any CPU
		{07364F1A-C3AF-4A28-B6C1-257B480B4758}.Release|Any CPU.Build.0 = Release|Any CPU
		{6A564786-A375-4E9C-A6DD-5827059911B6}.Debug|Any CPU.ActiveCfg = Debug|Any CPU
		{6A564786-A375-4E9C-A6DD-5827059911B6}.Debug|Any CPU.Build.0 = Debug|Any CPU
		{6A564786-A375-4E9C-A6DD-5827059911B6}.Release|Any CPU.ActiveCfg = Release|Any CPU
		{6A564786-A375-4E9C-A6DD-5827059911B6}.Release|Any CPU.Build.0 = Release|Any CPU
	EndGlobalSection
	GlobalSection(SolutionProperties) = preSolution
		HideSolutionNode = FALSE
	EndGlobalSection
	GlobalSection(ExtensibilityGlobals) = postSolution
		SolutionGuid = {2825D323-E674-48AF-8641-18C889C6EE26}
	EndGlobalSection
EndGlobal
